
Microsoft Visual Studio Solution File, Format Version 12.00
# Visual Studio 15
VisualStudioVersion = 15.0.28307.136
MinimumVisualStudioVersion = 10.0.40219.1
Project("{FAE04EC0-301F-11D3-BF4B-00C04F79EFBC}") = "PNet_Again", "PNet_Again\PNet_Again.csproj", "{04D0C39C-E352-423E-A6CF-C3DBEB580392}"
EndProject
Global
	GlobalSection(SolutionConfigurationPlatforms) = preSolution
		Debug|Any CPU = Debug|Any CPU
		Release|Any CPU = Release|Any CPU
	EndGlobalSection
	GlobalSection(ProjectConfigurationPlatforms) = postSolution
		{04D0C39C-E352-423E-A6CF-C3DBEB580392}.Debug|Any CPU.ActiveCfg = Debug|Any CPU
		{04D0C39C-E352-423E-A6CF-C3DBEB580392}.Debug|Any CPU.Build.0 = Debug|Any CPU
		{04D0C39C-E352-423E-A6CF-C3DBEB580392}.Release|Any CPU.ActiveCfg = Release|Any CPU
		{04D0C39C-E352-423E-A6CF-C3DBEB580392}.Release|Any CPU.Build.0 = Release|Any CPU
	EndGlobalSection
	GlobalSection(SolutionProperties) = preSolution
		HideSolutionNode = FALSE
	EndGlobalSection
	GlobalSection(ExtensibilityGlobals) = postSolution
		SolutionGuid = {DA4ED769-1841-48EB-AA0A-8473B46A7789}
	EndGlobalSection
EndGlobal
